// !$*UTF8*$!
{
	archiveVersion = 1;
	classes = {
	};
	objectVersion = 50;
	objects = {

/* Begin PBXBuildFile section */
		292F9E2C21596AEE00620074 /* BitStream.swift in Sources */ = {isa = PBXBuildFile; fileRef = 292F9E2A21596AEE00620074 /* BitStream.swift */; };
		292F9E2D21596AEE00620074 /* BitStreamCodable.swift in Sources */ = {isa = PBXBuildFile; fileRef = 292F9E2B21596AEE00620074 /* BitStreamCodable.swift */; };
		296A126C2156D5A800CEA924 /* Assets.scnassets in Resources */ = {isa = PBXBuildFile; fileRef = 296A126B2156D5A800CEA924 /* Assets.scnassets */; };
		296A12702156E06A00CEA924 /* FourSquare.swift in Sources */ = {isa = PBXBuildFile; fileRef = 296A126F2156E06A00CEA924 /* FourSquare.swift */; };
		296A12722156E09000CEA924 /* FourSquareSegment.swift in Sources */ = {isa = PBXBuildFile; fileRef = 296A12712156E09000CEA924 /* FourSquareSegment.swift */; };
		296A12752156E17C00CEA924 /* Utilities.swift in Sources */ = {isa = PBXBuildFile; fileRef = 296A12742156E17C00CEA924 /* Utilities.swift */; };
		296A12772157274400CEA924 /* MultipeerSession.swift in Sources */ = {isa = PBXBuildFile; fileRef = 296A12762157274300CEA924 /* MultipeerSession.swift */; };
		29AAD801215A949300516A80 /* GameCommand.swift in Sources */ = {isa = PBXBuildFile; fileRef = 29AAD800215A949300516A80 /* GameCommand.swift */; };
		29AAD804215A94CF00516A80 /* Player.swift in Sources */ = {isa = PBXBuildFile; fileRef = 29AAD803215A94CF00516A80 /* Player.swift */; };
		29F2D21D2159844B00AF7381 /* ConvientMovementData.swift in Sources */ = {isa = PBXBuildFile; fileRef = 29F2D21C2159844B00AF7381 /* ConvientMovementData.swift */; };
		29F99D372156B56C00906078 /* AppDelegate.swift in Sources */ = {isa = PBXBuildFile; fileRef = 29F99D362156B56C00906078 /* AppDelegate.swift */; };
		29F99D392156B56C00906078 /* ViewController.swift in Sources */ = {isa = PBXBuildFile; fileRef = 29F99D382156B56C00906078 /* ViewController.swift */; };
		29F99D3E2156B56D00906078 /* Assets.xcassets in Resources */ = {isa = PBXBuildFile; fileRef = 29F99D3D2156B56D00906078 /* Assets.xcassets */; };
		29F99D412156B56D00906078 /* LaunchScreen.storyboard in Resources */ = {isa = PBXBuildFile; fileRef = 29F99D3F2156B56D00906078 /* LaunchScreen.storyboard */; };
		29F99D4B2156C27000906078 /* AnalogJoystick.swift in Sources */ = {isa = PBXBuildFile; fileRef = 29F99D4A2156C27000906078 /* AnalogJoystick.swift */; };
		29F99D4F2156C37A00906078 /* ARJoystickSKScene.swift in Sources */ = {isa = PBXBuildFile; fileRef = 29F99D4E2156C37900906078 /* ARJoystickSKScene.swift */; };
		29F99D512156C3F800906078 /* Constants.swift in Sources */ = {isa = PBXBuildFile; fileRef = 29F99D502156C3F800906078 /* Constants.swift */; };
		51F0A99970493AF01A66F24E /* Pods_Multiplayer_test.framework in Frameworks */ = {isa = PBXBuildFile; fileRef = D1049F67FBC93C43825CF293 /* Pods_Multiplayer_test.framework */; };
/* End PBXBuildFile section */

/* Begin PBXFileReference section */
		292F9E2A21596AEE00620074 /* BitStream.swift */ = {isa = PBXFileReference; fileEncoding = 4; lastKnownFileType = sourcecode.swift; path = BitStream.swift; sourceTree = "<group>"; };
		292F9E2B21596AEE00620074 /* BitStreamCodable.swift */ = {isa = PBXFileReference; fileEncoding = 4; lastKnownFileType = sourcecode.swift; path = BitStreamCodable.swift; sourceTree = "<group>"; };
		296A126B2156D5A800CEA924 /* Assets.scnassets */ = {isa = PBXFileReference; lastKnownFileType = wrapper.scnassets; path = Assets.scnassets; sourceTree = "<group>"; };
		296A126F2156E06A00CEA924 /* FourSquare.swift */ = {isa = PBXFileReference; lastKnownFileType = sourcecode.swift; path = FourSquare.swift; sourceTree = "<group>"; };
		296A12712156E09000CEA924 /* FourSquareSegment.swift */ = {isa = PBXFileReference; lastKnownFileType = sourcecode.swift; path = FourSquareSegment.swift; sourceTree = "<group>"; };
		296A12742156E17C00CEA924 /* Utilities.swift */ = {isa = PBXFileReference; fileEncoding = 4; lastKnownFileType = sourcecode.swift; path = Utilities.swift; sourceTree = "<group>"; };
		296A12762157274300CEA924 /* MultipeerSession.swift */ = {isa = PBXFileReference; fileEncoding = 4; lastKnownFileType = sourcecode.swift; path = MultipeerSession.swift; sourceTree = "<group>"; };
		29AAD800215A949300516A80 /* GameCommand.swift */ = {isa = PBXFileReference; fileEncoding = 4; lastKnownFileType = sourcecode.swift; path = GameCommand.swift; sourceTree = "<group>"; };
		29AAD803215A94CF00516A80 /* Player.swift */ = {isa = PBXFileReference; fileEncoding = 4; lastKnownFileType = sourcecode.swift; path = Player.swift; sourceTree = "<group>"; };
		29F2D21C2159844B00AF7381 /* ConvientMovementData.swift */ = {isa = PBXFileReference; lastKnownFileType = sourcecode.swift; path = ConvientMovementData.swift; sourceTree = "<group>"; };
		29F99D332156B56C00906078 /* Multiplayer_test.app */ = {isa = PBXFileReference; explicitFileType = wrapper.application; includeInIndex = 0; path = Multiplayer_test.app; sourceTree = BUILT_PRODUCTS_DIR; };
		29F99D362156B56C00906078 /* AppDelegate.swift */ = {isa = PBXFileReference; lastKnownFileType = sourcecode.swift; path = AppDelegate.swift; sourceTree = "<group>"; };
		29F99D382156B56C00906078 /* ViewController.swift */ = {isa = PBXFileReference; lastKnownFileType = sourcecode.swift; path = ViewController.swift; sourceTree = "<group>"; };
		29F99D3D2156B56D00906078 /* Assets.xcassets */ = {isa = PBXFileReference; lastKnownFileType = folder.assetcatalog; path = Assets.xcassets; sourceTree = "<group>"; };
		29F99D402156B56D00906078 /* Base */ = {isa = PBXFileReference; lastKnownFileType = file.storyboard; name = Base; path = Base.lproj/LaunchScreen.storyboard; sourceTree = "<group>"; };
		29F99D422156B56D00906078 /* Info.plist */ = {isa = PBXFileReference; lastKnownFileType = text.plist.xml; path = Info.plist; sourceTree = "<group>"; };
		29F99D4A2156C27000906078 /* AnalogJoystick.swift */ = {isa = PBXFileReference; fileEncoding = 4; lastKnownFileType = sourcecode.swift; path = AnalogJoystick.swift; sourceTree = "<group>"; };
		29F99D4E2156C37900906078 /* ARJoystickSKScene.swift */ = {isa = PBXFileReference; fileEncoding = 4; lastKnownFileType = sourcecode.swift; path = ARJoystickSKScene.swift; sourceTree = "<group>"; };
		29F99D502156C3F800906078 /* Constants.swift */ = {isa = PBXFileReference; lastKnownFileType = sourcecode.swift; path = Constants.swift; sourceTree = "<group>"; };
		4ABB4EFD02479B61CA09FAE8 /* Pods-Multiplayer_test.debug.xcconfig */ = {isa = PBXFileReference; includeInIndex = 1; lastKnownFileType = text.xcconfig; name = "Pods-Multiplayer_test.debug.xcconfig"; path = "Pods/Target Support Files/Pods-Multiplayer_test/Pods-Multiplayer_test.debug.xcconfig"; sourceTree = "<group>"; };
		C26B1EC62EAA7DFC98D7E9E3 /* Pods-Multiplayer_test.release.xcconfig */ = {isa = PBXFileReference; includeInIndex = 1; lastKnownFileType = text.xcconfig; name = "Pods-Multiplayer_test.release.xcconfig"; path = "Pods/Target Support Files/Pods-Multiplayer_test/Pods-Multiplayer_test.release.xcconfig"; sourceTree = "<group>"; };
		D1049F67FBC93C43825CF293 /* Pods_Multiplayer_test.framework */ = {isa = PBXFileReference; explicitFileType = wrapper.framework; includeInIndex = 0; path = Pods_Multiplayer_test.framework; sourceTree = BUILT_PRODUCTS_DIR; };
/* End PBXFileReference section */

/* Begin PBXFrameworksBuildPhase section */
		29F99D302156B56C00906078 /* Frameworks */ = {
			isa = PBXFrameworksBuildPhase;
			buildActionMask = 2147483647;
			files = (
				51F0A99970493AF01A66F24E /* Pods_Multiplayer_test.framework in Frameworks */,
			);
			runOnlyForDeploymentPostprocessing = 0;
		};
/* End PBXFrameworksBuildPhase section */

/* Begin PBXGroup section */
		292F9E2E21596AF500620074 /* Bit Stream */ = {
			isa = PBXGroup;
			children = (
				292F9E2A21596AEE00620074 /* BitStream.swift */,
				292F9E2B21596AEE00620074 /* BitStreamCodable.swift */,
			);
			path = "Bit Stream";
			sourceTree = "<group>";
		};
		296A12732156E09A00CEA924 /* Four Square */ = {
			isa = PBXGroup;
			children = (
				296A12742156E17C00CEA924 /* Utilities.swift */,
				296A126F2156E06A00CEA924 /* FourSquare.swift */,
				296A12712156E09000CEA924 /* FourSquareSegment.swift */,
			);
			path = "Four Square";
			sourceTree = "<group>";
		};
		296A1278215727B400CEA924 /* Joystick */ = {
			isa = PBXGroup;
			children = (
				29F99D4E2156C37900906078 /* ARJoystickSKScene.swift */,
				29F99D4A2156C27000906078 /* AnalogJoystick.swift */,
			);
			path = Joystick;
			sourceTree = "<group>";
		};
		29AAD802215A949900516A80 /* Local Networking */ = {
			isa = PBXGroup;
			children = (
				296A12762157274300CEA924 /* MultipeerSession.swift */,
				29AAD803215A94CF00516A80 /* Player.swift */,
				29AAD800215A949300516A80 /* GameCommand.swift */,
			);
			path = "Local Networking";
			sourceTree = "<group>";
		};
		29F99D2A2156B56C00906078 = {
			isa = PBXGroup;
			children = (
				29F99D352156B56C00906078 /* Multiplayer_test */,
				29F99D342156B56C00906078 /* Products */,
				8C6790CB7920C6CB6C84DA14 /* Pods */,
				792CDF797528139D6E352530 /* Frameworks */,
			);
			sourceTree = "<group>";
		};
		29F99D342156B56C00906078 /* Products */ = {
			isa = PBXGroup;
			children = (
				29F99D332156B56C00906078 /* Multiplayer_test.app */,
			);
			name = Products;
			sourceTree = "<group>";
		};
		29F99D352156B56C00906078 /* Multiplayer_test */ = {
			isa = PBXGroup;
			children = (
				29F99D362156B56C00906078 /* AppDelegate.swift */,
				29F99D382156B56C00906078 /* ViewController.swift */,
				29F2D21C2159844B00AF7381 /* ConvientMovementData.swift */,
				29AAD802215A949900516A80 /* Local Networking */,
				292F9E2E21596AF500620074 /* Bit Stream */,
				296A1278215727B400CEA924 /* Joystick */,
				296A12732156E09A00CEA924 /* Four Square */,
				296A126B2156D5A800CEA924 /* Assets.scnassets */,
				29F99D3D2156B56D00906078 /* Assets.xcassets */,
				29F99D502156C3F800906078 /* Constants.swift */,
				29F99D3F2156B56D00906078 /* LaunchScreen.storyboard */,
				29F99D422156B56D00906078 /* Info.plist */,
			);
			path = Multiplayer_test;
			sourceTree = "<group>";
		};
		792CDF797528139D6E352530 /* Frameworks */ = {
			isa = PBXGroup;
			children = (
				D1049F67FBC93C43825CF293 /* Pods_Multiplayer_test.framework */,
			);
			name = Frameworks;
			sourceTree = "<group>";
		};
		8C6790CB7920C6CB6C84DA14 /* Pods */ = {
			isa = PBXGroup;
			children = (
				4ABB4EFD02479B61CA09FAE8 /* Pods-Multiplayer_test.debug.xcconfig */,
				C26B1EC62EAA7DFC98D7E9E3 /* Pods-Multiplayer_test.release.xcconfig */,
			);
			name = Pods;
			sourceTree = "<group>";
		};
/* End PBXGroup section */

/* Begin PBXNativeTarget section */
		29F99D322156B56C00906078 /* Multiplayer_test */ = {
			isa = PBXNativeTarget;
			buildConfigurationList = 29F99D452156B56D00906078 /* Build configuration list for PBXNativeTarget "Multiplayer_test" */;
			buildPhases = (
				B5312B2BFB4A5EB0B5F36A7D /* [CP] Check Pods Manifest.lock */,
				29F99D492156B8BA00906078 /* ShellScript */,
				29F99D2F2156B56C00906078 /* Sources */,
				29F99D302156B56C00906078 /* Frameworks */,
				29F99D312156B56C00906078 /* Resources */,
				222893A584CBB1669CA7050D /* [CP] Embed Pods Frameworks */,
			);
			buildRules = (
			);
			dependencies = (
			);
			name = Multiplayer_test;
			productName = Multiplayer_test;
			productReference = 29F99D332156B56C00906078 /* Multiplayer_test.app */;
			productType = "com.apple.product-type.application";
		};
/* End PBXNativeTarget section */

/* Begin PBXProject section */
		29F99D2B2156B56C00906078 /* Project object */ = {
			isa = PBXProject;
			attributes = {
				LastSwiftUpdateCheck = 1000;
				LastUpgradeCheck = 1000;
				ORGANIZATIONNAME = "Shawn Ma";
				TargetAttributes = {
					29F99D322156B56C00906078 = {
						CreatedOnToolsVersion = 10.0;
					};
				};
			};
			buildConfigurationList = 29F99D2E2156B56C00906078 /* Build configuration list for PBXProject "Multiplayer_test" */;
			compatibilityVersion = "Xcode 9.3";
			developmentRegion = en;
			hasScannedForEncodings = 0;
			knownRegions = (
				en,
				Base,
			);
			mainGroup = 29F99D2A2156B56C00906078;
			productRefGroup = 29F99D342156B56C00906078 /* Products */;
			projectDirPath = "";
			projectRoot = "";
			targets = (
				29F99D322156B56C00906078 /* Multiplayer_test */,
			);
		};
/* End PBXProject section */

/* Begin PBXResourcesBuildPhase section */
		29F99D312156B56C00906078 /* Resources */ = {
			isa = PBXResourcesBuildPhase;
			buildActionMask = 2147483647;
			files = (
				296A126C2156D5A800CEA924 /* Assets.scnassets in Resources */,
				29F99D412156B56D00906078 /* LaunchScreen.storyboard in Resources */,
				29F99D3E2156B56D00906078 /* Assets.xcassets in Resources */,
			);
			runOnlyForDeploymentPostprocessing = 0;
		};
/* End PBXResourcesBuildPhase section */

/* Begin PBXShellScriptBuildPhase section */
		222893A584CBB1669CA7050D /* [CP] Embed Pods Frameworks */ = {
			isa = PBXShellScriptBuildPhase;
			buildActionMask = 2147483647;
			files = (
			);
			inputPaths = (
				"${SRCROOT}/Pods/Target Support Files/Pods-Multiplayer_test/Pods-Multiplayer_test-frameworks.sh",
				"${BUILT_PRODUCTS_DIR}/R.swift.Library/Rswift.framework",
				"${BUILT_PRODUCTS_DIR}/SnapKit/SnapKit.framework",
			);
			name = "[CP] Embed Pods Frameworks";
			outputPaths = (
				"${TARGET_BUILD_DIR}/${FRAMEWORKS_FOLDER_PATH}/Rswift.framework",
				"${TARGET_BUILD_DIR}/${FRAMEWORKS_FOLDER_PATH}/SnapKit.framework",
			);
			runOnlyForDeploymentPostprocessing = 0;
			shellPath = /bin/sh;
			shellScript = "\"${SRCROOT}/Pods/Target Support Files/Pods-Multiplayer_test/Pods-Multiplayer_test-frameworks.sh\"\n";
			showEnvVarsInLog = 0;
		};
		29F99D492156B8BA00906078 /* ShellScript */ = {
			isa = PBXShellScriptBuildPhase;
			buildActionMask = 2147483647;
			files = (
			);
			inputFileListPaths = (
			);
			inputPaths = (
			);
			outputFileListPaths = (
			);
			outputPaths = (
			);
			runOnlyForDeploymentPostprocessing = 0;
			shellPath = /bin/sh;
			shellScript = "# Type a script or drag a script file from your workspace to insert its path.\n\"$PODS_ROOT/R.swift/rswift\" generate \"$SRCROOT\"\n";
		};
		B5312B2BFB4A5EB0B5F36A7D /* [CP] Check Pods Manifest.lock */ = {
			isa = PBXShellScriptBuildPhase;
			buildActionMask = 2147483647;
			files = (
			);
			inputPaths = (
				"${PODS_PODFILE_DIR_PATH}/Podfile.lock",
				"${PODS_ROOT}/Manifest.lock",
			);
			name = "[CP] Check Pods Manifest.lock";
			outputPaths = (
				"$(DERIVED_FILE_DIR)/Pods-Multiplayer_test-checkManifestLockResult.txt",
			);
			runOnlyForDeploymentPostprocessing = 0;
			shellPath = /bin/sh;
			shellScript = "diff \"${PODS_PODFILE_DIR_PATH}/Podfile.lock\" \"${PODS_ROOT}/Manifest.lock\" > /dev/null\nif [ $? != 0 ] ; then\n    # print error to STDERR\n    echo \"error: The sandbox is not in sync with the Podfile.lock. Run 'pod install' or update your CocoaPods installation.\" >&2\n    exit 1\nfi\n# This output is used by Xcode 'outputs' to avoid re-running this script phase.\necho \"SUCCESS\" > \"${SCRIPT_OUTPUT_FILE_0}\"\n";
			showEnvVarsInLog = 0;
		};
/* End PBXShellScriptBuildPhase section */

/* Begin PBXSourcesBuildPhase section */
		29F99D2F2156B56C00906078 /* Sources */ = {
			isa = PBXSourcesBuildPhase;
			buildActionMask = 2147483647;
			files = (
				292F9E2D21596AEE00620074 /* BitStreamCodable.swift in Sources */,
				296A12722156E09000CEA924 /* FourSquareSegment.swift in Sources */,
				29F99D512156C3F800906078 /* Constants.swift in Sources */,
				29F99D392156B56C00906078 /* ViewController.swift in Sources */,
				29AAD804215A94CF00516A80 /* Player.swift in Sources */,
				296A12772157274400CEA924 /* MultipeerSession.swift in Sources */,
				296A12702156E06A00CEA924 /* FourSquare.swift in Sources */,
				29F99D4F2156C37A00906078 /* ARJoystickSKScene.swift in Sources */,
				29F99D4B2156C27000906078 /* AnalogJoystick.swift in Sources */,
				29F2D21D2159844B00AF7381 /* ConvientMovementData.swift in Sources */,
				292F9E2C21596AEE00620074 /* BitStream.swift in Sources */,
				296A12752156E17C00CEA924 /* Utilities.swift in Sources */,
				29F99D372156B56C00906078 /* AppDelegate.swift in Sources */,
				29AAD801215A949300516A80 /* GameCommand.swift in Sources */,
			);
			runOnlyForDeploymentPostprocessing = 0;
		};
/* End PBXSourcesBuildPhase section */

/* Begin PBXVariantGroup section */
		29F99D3F2156B56D00906078 /* LaunchScreen.storyboard */ = {
			isa = PBXVariantGroup;
			children = (
				29F99D402156B56D00906078 /* Base */,
			);
			name = LaunchScreen.storyboard;
			sourceTree = "<group>";
		};
/* End PBXVariantGroup section */

/* Begin XCBuildConfiguration section */
		29F99D432156B56D00906078 /* Debug */ = {
			isa = XCBuildConfiguration;
			buildSettings = {
				ALWAYS_SEARCH_USER_PATHS = NO;
				CLANG_ANALYZER_NONNULL = YES;
				CLANG_ANALYZER_NUMBER_OBJECT_CONVERSION = YES_AGGRESSIVE;
				CLANG_CXX_LANGUAGE_STANDARD = "gnu++14";
				CLANG_CXX_LIBRARY = "libc++";
				CLANG_ENABLE_MODULES = YES;
				CLANG_ENABLE_OBJC_ARC = YES;
				CLANG_ENABLE_OBJC_WEAK = YES;
				CLANG_WARN_BLOCK_CAPTURE_AUTORELEASING = YES;
				CLANG_WARN_BOOL_CONVERSION = YES;
				CLANG_WARN_COMMA = YES;
				CLANG_WARN_CONSTANT_CONVERSION = YES;
				CLANG_WARN_DEPRECATED_OBJC_IMPLEMENTATIONS = YES;
				CLANG_WARN_DIRECT_OBJC_ISA_USAGE = YES_ERROR;
				CLANG_WARN_DOCUMENTATION_COMMENTS = YES;
				CLANG_WARN_EMPTY_BODY = YES;
				CLANG_WARN_ENUM_CONVERSION = YES;
				CLANG_WARN_INFINITE_RECURSION = YES;
				CLANG_WARN_INT_CONVERSION = YES;
				CLANG_WARN_NON_LITERAL_NULL_CONVERSION = YES;
				CLANG_WARN_OBJC_IMPLICIT_RETAIN_SELF = YES;
				CLANG_WARN_OBJC_LITERAL_CONVERSION = YES;
				CLANG_WARN_OBJC_ROOT_CLASS = YES_ERROR;
				CLANG_WARN_RANGE_LOOP_ANALYSIS = YES;
				CLANG_WARN_STRICT_PROTOTYPES = YES;
				CLANG_WARN_SUSPICIOUS_MOVE = YES;
				CLANG_WARN_UNGUARDED_AVAILABILITY = YES_AGGRESSIVE;
				CLANG_WARN_UNREACHABLE_CODE = YES;
				CLANG_WARN__DUPLICATE_METHOD_MATCH = YES;
				CODE_SIGN_IDENTITY = "iPhone Developer";
				COPY_PHASE_STRIP = NO;
				DEBUG_INFORMATION_FORMAT = dwarf;
				ENABLE_STRICT_OBJC_MSGSEND = YES;
				ENABLE_TESTABILITY = YES;
				GCC_C_LANGUAGE_STANDARD = gnu11;
				GCC_DYNAMIC_NO_PIC = NO;
				GCC_NO_COMMON_BLOCKS = YES;
				GCC_OPTIMIZATION_LEVEL = 0;
				GCC_PREPROCESSOR_DEFINITIONS = (
					"DEBUG=1",
					"$(inherited)",
				);
				GCC_WARN_64_TO_32_BIT_CONVERSION = YES;
				GCC_WARN_ABOUT_RETURN_TYPE = YES_ERROR;
				GCC_WARN_UNDECLARED_SELECTOR = YES;
				GCC_WARN_UNINITIALIZED_AUTOS = YES_AGGRESSIVE;
				GCC_WARN_UNUSED_FUNCTION = YES;
				GCC_WARN_UNUSED_VARIABLE = YES;
				IPHONEOS_DEPLOYMENT_TARGET = 12.0;
				MTL_ENABLE_DEBUG_INFO = INCLUDE_SOURCE;
				MTL_FAST_MATH = YES;
				ONLY_ACTIVE_ARCH = YES;
				SDKROOT = iphoneos;
				SWIFT_ACTIVE_COMPILATION_CONDITIONS = DEBUG;
				SWIFT_OPTIMIZATION_LEVEL = "-Onone";
			};
			name = Debug;
		};
		29F99D442156B56D00906078 /* Release */ = {
			isa = XCBuildConfiguration;
			buildSettings = {
				ALWAYS_SEARCH_USER_PATHS = NO;
				CLANG_ANALYZER_NONNULL = YES;
				CLANG_ANALYZER_NUMBER_OBJECT_CONVERSION = YES_AGGRESSIVE;
				CLANG_CXX_LANGUAGE_STANDARD = "gnu++14";
				CLANG_CXX_LIBRARY = "libc++";
				CLANG_ENABLE_MODULES = YES;
				CLANG_ENABLE_OBJC_ARC = YES;
				CLANG_ENABLE_OBJC_WEAK = YES;
				CLANG_WARN_BLOCK_CAPTURE_AUTORELEASING = YES;
				CLANG_WARN_BOOL_CONVERSION = YES;
				CLANG_WARN_COMMA = YES;
				CLANG_WARN_CONSTANT_CONVERSION = YES;
				CLANG_WARN_DEPRECATED_OBJC_IMPLEMENTATIONS = YES;
				CLANG_WARN_DIRECT_OBJC_ISA_USAGE = YES_ERROR;
				CLANG_WARN_DOCUMENTATION_COMMENTS = YES;
				CLANG_WARN_EMPTY_BODY = YES;
				CLANG_WARN_ENUM_CONVERSION = YES;
				CLANG_WARN_INFINITE_RECURSION = YES;
				CLANG_WARN_INT_CONVERSION = YES;
				CLANG_WARN_NON_LITERAL_NULL_CONVERSION = YES;
				CLANG_WARN_OBJC_IMPLICIT_RETAIN_SELF = YES;
				CLANG_WARN_OBJC_LITERAL_CONVERSION = YES;
				CLANG_WARN_OBJC_ROOT_CLASS = YES_ERROR;
				CLANG_WARN_RANGE_LOOP_ANALYSIS = YES;
				CLANG_WARN_STRICT_PROTOTYPES = YES;
				CLANG_WARN_SUSPICIOUS_MOVE = YES;
				CLANG_WARN_UNGUARDED_AVAILABILITY = YES_AGGRESSIVE;
				CLANG_WARN_UNREACHABLE_CODE = YES;
				CLANG_WARN__DUPLICATE_METHOD_MATCH = YES;
				CODE_SIGN_IDENTITY = "iPhone Developer";
				COPY_PHASE_STRIP = NO;
				DEBUG_INFORMATION_FORMAT = "dwarf-with-dsym";
				ENABLE_NS_ASSERTIONS = NO;
				ENABLE_STRICT_OBJC_MSGSEND = YES;
				GCC_C_LANGUAGE_STANDARD = gnu11;
				GCC_NO_COMMON_BLOCKS = YES;
				GCC_WARN_64_TO_32_BIT_CONVERSION = YES;
				GCC_WARN_ABOUT_RETURN_TYPE = YES_ERROR;
				GCC_WARN_UNDECLARED_SELECTOR = YES;
				GCC_WARN_UNINITIALIZED_AUTOS = YES_AGGRESSIVE;
				GCC_WARN_UNUSED_FUNCTION = YES;
				GCC_WARN_UNUSED_VARIABLE = YES;
				IPHONEOS_DEPLOYMENT_TARGET = 12.0;
				MTL_ENABLE_DEBUG_INFO = NO;
				MTL_FAST_MATH = YES;
				SDKROOT = iphoneos;
				SWIFT_COMPILATION_MODE = wholemodule;
				SWIFT_OPTIMIZATION_LEVEL = "-O";
				VALIDATE_PRODUCT = YES;
			};
			name = Release;
		};
		29F99D462156B56D00906078 /* Debug */ = {
			isa = XCBuildConfiguration;
			baseConfigurationReference = 4ABB4EFD02479B61CA09FAE8 /* Pods-Multiplayer_test.debug.xcconfig */;
			buildSettings = {
				ASSETCATALOG_COMPILER_APPICON_NAME = AppIcon;
				CODE_SIGN_STYLE = Automatic;
				DEVELOPMENT_TEAM = 47XMMG9HCB;
				INFOPLIST_FILE = Multiplayer_test/Info.plist;
				LD_RUNPATH_SEARCH_PATHS = (
					"$(inherited)",
					"@executable_path/Frameworks",
				);
				PRODUCT_BUNDLE_IDENTIFIER = "com.shawnma.Multiplayer-test";
				PRODUCT_NAME = "$(TARGET_NAME)";
				SWIFT_VERSION = 4.2;
				TARGETED_DEVICE_FAMILY = "1,2";
			};
			name = Debug;
		};
		29F99D472156B56D00906078 /* Release */ = {
			isa = XCBuildConfiguration;
			baseConfigurationReference = C26B1EC62EAA7DFC98D7E9E3 /* Pods-Multiplayer_test.release.xcconfig */;
			buildSettings = {
				ASSETCATALOG_COMPILER_APPICON_NAME = AppIcon;
				CODE_SIGN_STYLE = Automatic;
				DEVELOPMENT_TEAM = 47XMMG9HCB;
				INFOPLIST_FILE = Multiplayer_test/Info.plist;
				LD_RUNPATH_SEARCH_PATHS = (
					"$(inherited)",
					"@executable_path/Frameworks",
				);
				PRODUCT_BUNDLE_IDENTIFIER = "com.shawnma.Multiplayer-test";
				PRODUCT_NAME = "$(TARGET_NAME)";
				SWIFT_VERSION = 4.2;
				TARGETED_DEVICE_FAMILY = "1,2";
			};
			name = Release;
		};
/* End XCBuildConfiguration section */

/* Begin XCConfigurationList section */
		29F99D2E2156B56C00906078 /* Build configuration list for PBXProject "Multiplayer_test" */ = {
			isa = XCConfigurationList;
			buildConfigurations = (
				29F99D432156B56D00906078 /* Debug */,
				29F99D442156B56D00906078 /* Release */,
			);
			defaultConfigurationIsVisible = 0;
			defaultConfigurationName = Release;
		};
		29F99D452156B56D00906078 /* Build configuration list for PBXNativeTarget "Multiplayer_test" */ = {
			isa = XCConfigurationList;
			buildConfigurations = (
				29F99D462156B56D00906078 /* Debug */,
				29F99D472156B56D00906078 /* Release */,
			);
			defaultConfigurationIsVisible = 0;
			defaultConfigurationName = Release;
		};
/* End XCConfigurationList section */
	};
	rootObject = 29F99D2B2156B56C00906078 /* Project object */;
}
